// !$*UTF8*$!
{
	archiveVersion = 1;
	classes = {
	};
	objectVersion = 46;
	objects = {

/* Begin PBXBuildFile section */
		42337FE61D542D15005E10C8 /* MapKit.framework in Frameworks */ = {isa = PBXBuildFile; fileRef = 42337FE51D542D15005E10C8 /* MapKit.framework */; };
		42650DC01D4EB4B20020A1E2 /* EditLocationVC.m in Sources */ = {isa = PBXBuildFile; fileRef = 42650DBF1D4EB4B20020A1E2 /* EditLocationVC.m */; };
		42C7357F1D4D54630013B6DA /* DataService.m in Sources */ = {isa = PBXBuildFile; fileRef = 42C7357E1D4D54630013B6DA /* DataService.m */; };
		42C735831D4D612C0013B6DA /* HistoricLocation.m in Sources */ = {isa = PBXBuildFile; fileRef = 42C735821D4D612C0013B6DA /* HistoricLocation.m */; };
		42C735891D4D9FF90013B6DA /* MapVC.m in Sources */ = {isa = PBXBuildFile; fileRef = 42C735881D4D9FF90013B6DA /* MapVC.m */; };
		42FDDD091D47EEDB0094D29D /* main.m in Sources */ = {isa = PBXBuildFile; fileRef = 42FDDD081D47EEDB0094D29D /* main.m */; };
		42FDDD0C1D47EEDB0094D29D /* AppDelegate.m in Sources */ = {isa = PBXBuildFile; fileRef = 42FDDD0B1D47EEDB0094D29D /* AppDelegate.m */; };
		42FDDD121D47EEDB0094D29D /* Main.storyboard in Resources */ = {isa = PBXBuildFile; fileRef = 42FDDD101D47EEDB0094D29D /* Main.storyboard */; };
		42FDDD141D47EEDB0094D29D /* Assets.xcassets in Resources */ = {isa = PBXBuildFile; fileRef = 42FDDD131D47EEDB0094D29D /* Assets.xcassets */; };
		42FDDD171D47EEDB0094D29D /* LaunchScreen.storyboard in Resources */ = {isa = PBXBuildFile; fileRef = 42FDDD151D47EEDB0094D29D /* LaunchScreen.storyboard */; };
		42FDDD1F1D47F1380094D29D /* GoogleService-Info.plist in Resources */ = {isa = PBXBuildFile; fileRef = 42FDDD1E1D47F1380094D29D /* GoogleService-Info.plist */; };
		42FDDD231D484D740094D29D /* UIColor+Pistachio.m in Sources */ = {isa = PBXBuildFile; fileRef = 42FDDD221D484D740094D29D /* UIColor+Pistachio.m */; };
		42FDDD271D484E540094D29D /* LoginVC.m in Sources */ = {isa = PBXBuildFile; fileRef = 42FDDD261D484E540094D29D /* LoginVC.m */; };
		F3F99F0D98E5D191620ED514 /* libPods-walking-tours-manager.a in Frameworks */ = {isa = PBXBuildFile; fileRef = 41A5E79E171EF8EAC70146DF /* libPods-walking-tours-manager.a */; };
/* End PBXBuildFile section */

/* Begin PBXFileReference section */
		22BBB978F7B930003EA45066 /* Pods-walking-tours-manager.debug.xcconfig */ = {isa = PBXFileReference; includeInIndex = 1; lastKnownFileType = text.xcconfig; name = "Pods-walking-tours-manager.debug.xcconfig"; path = "Pods/Target Support Files/Pods-walking-tours-manager/Pods-walking-tours-manager.debug.xcconfig"; sourceTree = "<group>"; };
		41A5E79E171EF8EAC70146DF /* libPods-walking-tours-manager.a */ = {isa = PBXFileReference; explicitFileType = archive.ar; includeInIndex = 0; path = "libPods-walking-tours-manager.a"; sourceTree = BUILT_PRODUCTS_DIR; };
		42337FE51D542D15005E10C8 /* MapKit.framework */ = {isa = PBXFileReference; lastKnownFileType = wrapper.framework; name = MapKit.framework; path = System/Library/Frameworks/MapKit.framework; sourceTree = SDKROOT; };
		42650DBE1D4EB4B20020A1E2 /* EditLocationVC.h */ = {isa = PBXFileReference; fileEncoding = 4; lastKnownFileType = sourcecode.c.h; name = EditLocationVC.h; path = Controllers/EditLocationVC.h; sourceTree = "<group>"; };
		42650DBF1D4EB4B20020A1E2 /* EditLocationVC.m */ = {isa = PBXFileReference; fileEncoding = 4; lastKnownFileType = sourcecode.c.objc; name = EditLocationVC.m; path = Controllers/EditLocationVC.m; sourceTree = "<group>"; };
		42C7357D1D4D54630013B6DA /* DataService.h */ = {isa = PBXFileReference; fileEncoding = 4; lastKnownFileType = sourcecode.c.h; name = DataService.h; path = Services/DataService.h; sourceTree = "<group>"; };
		42C7357E1D4D54630013B6DA /* DataService.m */ = {isa = PBXFileReference; fileEncoding = 4; lastKnownFileType = sourcecode.c.objc; name = DataService.m; path = Services/DataService.m; sourceTree = "<group>"; };
		42C735811D4D612C0013B6DA /* HistoricLocation.h */ = {isa = PBXFileReference; fileEncoding = 4; lastKnownFileType = sourcecode.c.h; name = HistoricLocation.h; path = Models/HistoricLocation.h; sourceTree = "<group>"; };
		42C735821D4D612C0013B6DA /* HistoricLocation.m */ = {isa = PBXFileReference; fileEncoding = 4; lastKnownFileType = sourcecode.c.objc; name = HistoricLocation.m; path = Models/HistoricLocation.m; sourceTree = "<group>"; };
		42C735871D4D9FF90013B6DA /* MapVC.h */ = {isa = PBXFileReference; fileEncoding = 4; lastKnownFileType = sourcecode.c.h; name = MapVC.h; path = Controllers/MapVC.h; sourceTree = "<group>"; };
		42C735881D4D9FF90013B6DA /* MapVC.m */ = {isa = PBXFileReference; fileEncoding = 4; lastKnownFileType = sourcecode.c.objc; name = MapVC.m; path = Controllers/MapVC.m; sourceTree = "<group>"; };
		42FDDD041D47EEDB0094D29D /* walking-tours-manager.app */ = {isa = PBXFileReference; explicitFileType = wrapper.application; includeInIndex = 0; path = "walking-tours-manager.app"; sourceTree = BUILT_PRODUCTS_DIR; };
		42FDDD081D47EEDB0094D29D /* main.m */ = {isa = PBXFileReference; lastKnownFileType = sourcecode.c.objc; path = main.m; sourceTree = "<group>"; };
		42FDDD0A1D47EEDB0094D29D /* AppDelegate.h */ = {isa = PBXFileReference; lastKnownFileType = sourcecode.c.h; path = AppDelegate.h; sourceTree = "<group>"; };
		42FDDD0B1D47EEDB0094D29D /* AppDelegate.m */ = {isa = PBXFileReference; lastKnownFileType = sourcecode.c.objc; path = AppDelegate.m; sourceTree = "<group>"; };
		42FDDD111D47EEDB0094D29D /* Base */ = {isa = PBXFileReference; lastKnownFileType = file.storyboard; name = Base; path = Base.lproj/Main.storyboard; sourceTree = "<group>"; };
		42FDDD131D47EEDB0094D29D /* Assets.xcassets */ = {isa = PBXFileReference; lastKnownFileType = folder.assetcatalog; path = Assets.xcassets; sourceTree = "<group>"; };
		42FDDD161D47EEDB0094D29D /* Base */ = {isa = PBXFileReference; lastKnownFileType = file.storyboard; name = Base; path = Base.lproj/LaunchScreen.storyboard; sourceTree = "<group>"; };
		42FDDD181D47EEDB0094D29D /* Info.plist */ = {isa = PBXFileReference; lastKnownFileType = text.plist.xml; path = Info.plist; sourceTree = "<group>"; };
		42FDDD1E1D47F1380094D29D /* GoogleService-Info.plist */ = {isa = PBXFileReference; fileEncoding = 4; lastKnownFileType = text.plist.xml; path = "GoogleService-Info.plist"; sourceTree = "<group>"; };
		42FDDD211D484D740094D29D /* UIColor+Pistachio.h */ = {isa = PBXFileReference; fileEncoding = 4; lastKnownFileType = sourcecode.c.h; name = "UIColor+Pistachio.h"; path = "Categories/UIColor+Pistachio.h"; sourceTree = "<group>"; };
		42FDDD221D484D740094D29D /* UIColor+Pistachio.m */ = {isa = PBXFileReference; fileEncoding = 4; lastKnownFileType = sourcecode.c.objc; name = "UIColor+Pistachio.m"; path = "Categories/UIColor+Pistachio.m"; sourceTree = "<group>"; };
		42FDDD251D484E540094D29D /* LoginVC.h */ = {isa = PBXFileReference; fileEncoding = 4; lastKnownFileType = sourcecode.c.h; name = LoginVC.h; path = Controllers/LoginVC.h; sourceTree = "<group>"; };
		42FDDD261D484E540094D29D /* LoginVC.m */ = {isa = PBXFileReference; fileEncoding = 4; lastKnownFileType = sourcecode.c.objc; name = LoginVC.m; path = Controllers/LoginVC.m; sourceTree = "<group>"; };
		530170A642761BF8627D31C4 /* Pods-walking-tours-manager.release.xcconfig */ = {isa = PBXFileReference; includeInIndex = 1; lastKnownFileType = text.xcconfig; name = "Pods-walking-tours-manager.release.xcconfig"; path = "Pods/Target Support Files/Pods-walking-tours-manager/Pods-walking-tours-manager.release.xcconfig"; sourceTree = "<group>"; };
/* End PBXFileReference section */

/* Begin PBXFrameworksBuildPhase section */
		42FDDD011D47EEDB0094D29D /* Frameworks */ = {
			isa = PBXFrameworksBuildPhase;
			buildActionMask = 2147483647;
			files = (
				42337FE61D542D15005E10C8 /* MapKit.framework in Frameworks */,
				F3F99F0D98E5D191620ED514 /* libPods-walking-tours-manager.a in Frameworks */,
			);
			runOnlyForDeploymentPostprocessing = 0;
		};
/* End PBXFrameworksBuildPhase section */

/* Begin PBXGroup section */
		42337FE41D53732B005E10C8 /* Nibs */ = {
			isa = PBXGroup;
			children = (
			);
			name = Nibs;
			sourceTree = "<group>";
		};
		423FA0701D4A36540091D316 /* Views */ = {
			isa = PBXGroup;
			children = (
			);
			name = Views;
			sourceTree = "<group>";
		};
		42506CB61D4B72E200B33B5E /* Storyboards */ = {
			isa = PBXGroup;
			children = (
				42FDDD151D47EEDB0094D29D /* LaunchScreen.storyboard */,
				42FDDD101D47EEDB0094D29D /* Main.storyboard */,
			);
			name = Storyboards;
			sourceTree = "<group>";
		};
		42C7357C1D4D54400013B6DA /* Services */ = {
			isa = PBXGroup;
			children = (
				42C7357D1D4D54630013B6DA /* DataService.h */,
				42C7357E1D4D54630013B6DA /* DataService.m */,
			);
			name = Services;
			sourceTree = "<group>";
		};
		42C735801D4D61000013B6DA /* Models */ = {
			isa = PBXGroup;
			children = (
				42C735811D4D612C0013B6DA /* HistoricLocation.h */,
				42C735821D4D612C0013B6DA /* HistoricLocation.m */,
			);
			name = Models;
			sourceTree = "<group>";
		};
		42FDDCFB1D47EEDB0094D29D = {
			isa = PBXGroup;
			children = (
				42FDDD061D47EEDB0094D29D /* walking-tours-manager */,
				42FDDD051D47EEDB0094D29D /* Products */,
				D813C04AEE3AF35B6C3FB2BD /* Frameworks */,
				996C0350FB54E1A7BAD90503 /* Pods */,
			);
			sourceTree = "<group>";
		};
		42FDDD051D47EEDB0094D29D /* Products */ = {
			isa = PBXGroup;
			children = (
				42FDDD041D47EEDB0094D29D /* walking-tours-manager.app */,
			);
			name = Products;
			sourceTree = "<group>";
		};
		42FDDD061D47EEDB0094D29D /* walking-tours-manager */ = {
			isa = PBXGroup;
			children = (
				42FDDD201D484D650094D29D /* Categories */,
				42FDDD241D484E300094D29D /* Controllers */,
				42C735801D4D61000013B6DA /* Models */,
				42337FE41D53732B005E10C8 /* Nibs */,
				42C7357C1D4D54400013B6DA /* Services */,
				42506CB61D4B72E200B33B5E /* Storyboards */,
				423FA0701D4A36540091D316 /* Views */,
				42FDDD0A1D47EEDB0094D29D /* AppDelegate.h */,
				42FDDD0B1D47EEDB0094D29D /* AppDelegate.m */,
				42FDDD131D47EEDB0094D29D /* Assets.xcassets */,
				42FDDD071D47EEDB0094D29D /* Supporting Files */,
			);
			path = "walking-tours-manager";
			sourceTree = "<group>";
		};
		42FDDD071D47EEDB0094D29D /* Supporting Files */ = {
			isa = PBXGroup;
			children = (
				42FDDD181D47EEDB0094D29D /* Info.plist */,
				42FDDD1E1D47F1380094D29D /* GoogleService-Info.plist */,
				42FDDD081D47EEDB0094D29D /* main.m */,
			);
			name = "Supporting Files";
			sourceTree = "<group>";
		};
		42FDDD201D484D650094D29D /* Categories */ = {
			isa = PBXGroup;
			children = (
				42FDDD211D484D740094D29D /* UIColor+Pistachio.h */,
				42FDDD221D484D740094D29D /* UIColor+Pistachio.m */,
			);
			name = Categories;
			sourceTree = "<group>";
		};
		42FDDD241D484E300094D29D /* Controllers */ = {
			isa = PBXGroup;
			children = (
				42FDDD251D484E540094D29D /* LoginVC.h */,
				42FDDD261D484E540094D29D /* LoginVC.m */,
				42C735871D4D9FF90013B6DA /* MapVC.h */,
				42C735881D4D9FF90013B6DA /* MapVC.m */,
				42650DBE1D4EB4B20020A1E2 /* EditLocationVC.h */,
				42650DBF1D4EB4B20020A1E2 /* EditLocationVC.m */,
			);
			name = Controllers;
			sourceTree = "<group>";
		};
		996C0350FB54E1A7BAD90503 /* Pods */ = {
			isa = PBXGroup;
			children = (
				22BBB978F7B930003EA45066 /* Pods-walking-tours-manager.debug.xcconfig */,
				530170A642761BF8627D31C4 /* Pods-walking-tours-manager.release.xcconfig */,
			);
			name = Pods;
			sourceTree = "<group>";
		};
		D813C04AEE3AF35B6C3FB2BD /* Frameworks */ = {
			isa = PBXGroup;
			children = (
				42337FE51D542D15005E10C8 /* MapKit.framework */,
				41A5E79E171EF8EAC70146DF /* libPods-walking-tours-manager.a */,
			);
			name = Frameworks;
			sourceTree = "<group>";
		};
/* End PBXGroup section */

/* Begin PBXNativeTarget section */
		42FDDD031D47EEDB0094D29D /* walking-tours-manager */ = {
			isa = PBXNativeTarget;
			buildConfigurationList = 42FDDD1B1D47EEDB0094D29D /* Build configuration list for PBXNativeTarget "walking-tours-manager" */;
			buildPhases = (
				242C1086C0E421FCB0235E36 /* [CP] Check Pods Manifest.lock */,
				42FDDD001D47EEDB0094D29D /* Sources */,
				42FDDD011D47EEDB0094D29D /* Frameworks */,
				42FDDD021D47EEDB0094D29D /* Resources */,
				6DED8D4F67F9557BB29B214E /* [CP] Embed Pods Frameworks */,
				84A1073BD8CA35326762D7BA /* [CP] Copy Pods Resources */,
			);
			buildRules = (
			);
			dependencies = (
			);
			name = "walking-tours-manager";
			productName = "walking-tours-manager";
			productReference = 42FDDD041D47EEDB0094D29D /* walking-tours-manager.app */;
			productType = "com.apple.product-type.application";
		};
/* End PBXNativeTarget section */

/* Begin PBXProject section */
		42FDDCFC1D47EEDB0094D29D /* Project object */ = {
			isa = PBXProject;
			attributes = {
				LastUpgradeCheck = 0830;
				ORGANIZATIONNAME = WERUreo;
				TargetAttributes = {
					42FDDD031D47EEDB0094D29D = {
						CreatedOnToolsVersion = 7.3.1;
						SystemCapabilities = {
							com.apple.Maps.iOS = {
								enabled = 1;
							};
						};
					};
				};
			};
			buildConfigurationList = 42FDDCFF1D47EEDB0094D29D /* Build configuration list for PBXProject "walking-tours-manager" */;
			compatibilityVersion = "Xcode 3.2";
			developmentRegion = English;
			hasScannedForEncodings = 0;
			knownRegions = (
				en,
				Base,
			);
			mainGroup = 42FDDCFB1D47EEDB0094D29D;
			productRefGroup = 42FDDD051D47EEDB0094D29D /* Products */;
			projectDirPath = "";
			projectRoot = "";
			targets = (
				42FDDD031D47EEDB0094D29D /* walking-tours-manager */,
			);
		};
/* End PBXProject section */

/* Begin PBXResourcesBuildPhase section */
		42FDDD021D47EEDB0094D29D /* Resources */ = {
			isa = PBXResourcesBuildPhase;
			buildActionMask = 2147483647;
			files = (
				42FDDD171D47EEDB0094D29D /* LaunchScreen.storyboard in Resources */,
				42FDDD1F1D47F1380094D29D /* GoogleService-Info.plist in Resources */,
				42FDDD141D47EEDB0094D29D /* Assets.xcassets in Resources */,
				42FDDD121D47EEDB0094D29D /* Main.storyboard in Resources */,
			);
			runOnlyForDeploymentPostprocessing = 0;
		};
/* End PBXResourcesBuildPhase section */

/* Begin PBXShellScriptBuildPhase section */
		242C1086C0E421FCB0235E36 /* [CP] Check Pods Manifest.lock */ = {
			isa = PBXShellScriptBuildPhase;
			buildActionMask = 2147483647;
			files = (
			);
			inputPaths = (
			);
			name = "[CP] Check Pods Manifest.lock";
			outputPaths = (
			);
			runOnlyForDeploymentPostprocessing = 0;
			shellPath = /bin/sh;
			shellScript = "diff \"${PODS_PODFILE_DIR_PATH}/Podfile.lock\" \"${PODS_ROOT}/Manifest.lock\" > /dev/null\nif [ $? != 0 ] ; then\n    # print error to STDERR\n    echo \"error: The sandbox is not in sync with the Podfile.lock. Run 'pod install' or update your CocoaPods installation.\" >&2\n    exit 1\nfi\n";
			showEnvVarsInLog = 0;
		};
		6DED8D4F67F9557BB29B214E /* [CP] Embed Pods Frameworks */ = {
			isa = PBXShellScriptBuildPhase;
			buildActionMask = 2147483647;
			files = (
			);
			inputPaths = (
			);
			name = "[CP] Embed Pods Frameworks";
			outputPaths = (
			);
			runOnlyForDeploymentPostprocessing = 0;
			shellPath = /bin/sh;
			shellScript = "\"${SRCROOT}/Pods/Target Support Files/Pods-walking-tours-manager/Pods-walking-tours-manager-frameworks.sh\"\n";
			showEnvVarsInLog = 0;
		};
		84A1073BD8CA35326762D7BA /* [CP] Copy Pods Resources */ = {
			isa = PBXShellScriptBuildPhase;
			buildActionMask = 2147483647;
			files = (
			);
			inputPaths = (
			);
			name = "[CP] Copy Pods Resources";
			outputPaths = (
			);
			runOnlyForDeploymentPostprocessing = 0;
			shellPath = /bin/sh;
			shellScript = "\"${SRCROOT}/Pods/Target Support Files/Pods-walking-tours-manager/Pods-walking-tours-manager-resources.sh\"\n";
			showEnvVarsInLog = 0;
		};
/* End PBXShellScriptBuildPhase section */

/* Begin PBXSourcesBuildPhase section */
		42FDDD001D47EEDB0094D29D /* Sources */ = {
			isa = PBXSourcesBuildPhase;
			buildActionMask = 2147483647;
			files = (
				42FDDD0C1D47EEDB0094D29D /* AppDelegate.m in Sources */,
				42C735891D4D9FF90013B6DA /* MapVC.m in Sources */,
				42FDDD231D484D740094D29D /* UIColor+Pistachio.m in Sources */,
				42C7357F1D4D54630013B6DA /* DataService.m in Sources */,
				42650DC01D4EB4B20020A1E2 /* EditLocationVC.m in Sources */,
				42FDDD271D484E540094D29D /* LoginVC.m in Sources */,
				42C735831D4D612C0013B6DA /* HistoricLocation.m in Sources */,
				42FDDD091D47EEDB0094D29D /* main.m in Sources */,
			);
			runOnlyForDeploymentPostprocessing = 0;
		};
/* End PBXSourcesBuildPhase section */

/* Begin PBXVariantGroup section */
		42FDDD101D47EEDB0094D29D /* Main.storyboard */ = {
			isa = PBXVariantGroup;
			children = (
				42FDDD111D47EEDB0094D29D /* Base */,
			);
			name = Main.storyboard;
			sourceTree = "<group>";
		};
		42FDDD151D47EEDB0094D29D /* LaunchScreen.storyboard */ = {
			isa = PBXVariantGroup;
			children = (
				42FDDD161D47EEDB0094D29D /* Base */,
			);
			name = LaunchScreen.storyboard;
			sourceTree = "<group>";
		};
/* End PBXVariantGroup section */

/* Begin XCBuildConfiguration section */
		42FDDD191D47EEDB0094D29D /* Debug */ = {
			isa = XCBuildConfiguration;
			buildSettings = {
				ALWAYS_SEARCH_USER_PATHS = NO;
				CLANG_ANALYZER_NONNULL = YES;
				CLANG_CXX_LANGUAGE_STANDARD = "gnu++0x";
				CLANG_CXX_LIBRARY = "libc++";
				CLANG_ENABLE_MODULES = YES;
				CLANG_ENABLE_OBJC_ARC = YES;
				CLANG_WARN_BOOL_CONVERSION = YES;
				CLANG_WARN_CONSTANT_CONVERSION = YES;
				CLANG_WARN_DIRECT_OBJC_ISA_USAGE = YES_ERROR;
				CLANG_WARN_EMPTY_BODY = YES;
				CLANG_WARN_ENUM_CONVERSION = YES;
				CLANG_WARN_INFINITE_RECURSION = YES;
				CLANG_WARN_INT_CONVERSION = YES;
				CLANG_WARN_OBJC_ROOT_CLASS = YES_ERROR;
				CLANG_WARN_SUSPICIOUS_MOVE = YES;
				CLANG_WARN_UNREACHABLE_CODE = YES;
				CLANG_WARN__DUPLICATE_METHOD_MATCH = YES;
				"CODE_SIGN_IDENTITY[sdk=iphoneos*]" = "iPhone Developer";
				COPY_PHASE_STRIP = NO;
				DEBUG_INFORMATION_FORMAT = dwarf;
				ENABLE_STRICT_OBJC_MSGSEND = YES;
				ENABLE_TESTABILITY = YES;
				GCC_C_LANGUAGE_STANDARD = gnu99;
				GCC_DYNAMIC_NO_PIC = NO;
				GCC_NO_COMMON_BLOCKS = YES;
				GCC_OPTIMIZATION_LEVEL = 0;
				GCC_PREPROCESSOR_DEFINITIONS = (
					"DEBUG=1",
					"$(inherited)",
				);
				GCC_WARN_64_TO_32_BIT_CONVERSION = YES;
				GCC_WARN_ABOUT_RETURN_TYPE = YES_ERROR;
				GCC_WARN_UNDECLARED_SELECTOR = YES;
				GCC_WARN_UNINITIALIZED_AUTOS = YES_AGGRESSIVE;
				GCC_WARN_UNUSED_FUNCTION = YES;
				GCC_WARN_UNUSED_VARIABLE = YES;
				IPHONEOS_DEPLOYMENT_TARGET = 8.0;
				MTL_ENABLE_DEBUG_INFO = YES;
				ONLY_ACTIVE_ARCH = YES;
				SDKROOT = iphoneos;
				TARGETED_DEVICE_FAMILY = "1,2";
			};
			name = Debug;
		};
		42FDDD1A1D47EEDB0094D29D /* Release */ = {
			isa = XCBuildConfiguration;
			buildSettings = {
				ALWAYS_SEARCH_USER_PATHS = NO;
				CLANG_ANALYZER_NONNULL = YES;
				CLANG_CXX_LANGUAGE_STANDARD = "gnu++0x";
				CLANG_CXX_LIBRARY = "libc++";
				CLANG_ENABLE_MODULES = YES;
				CLANG_ENABLE_OBJC_ARC = YES;
				CLANG_WARN_BOOL_CONVERSION = YES;
				CLANG_WARN_CONSTANT_CONVERSION = YES;
				CLANG_WARN_DIRECT_OBJC_ISA_USAGE = YES_ERROR;
				CLANG_WARN_EMPTY_BODY = YES;
				CLANG_WARN_ENUM_CONVERSION = YES;
				CLANG_WARN_INFINITE_RECURSION = YES;
				CLANG_WARN_INT_CONVERSION = YES;
				CLANG_WARN_OBJC_ROOT_CLASS = YES_ERROR;
				CLANG_WARN_SUSPICIOUS_MOVE = YES;
				CLANG_WARN_UNREACHABLE_CODE = YES;
				CLANG_WARN__DUPLICATE_METHOD_MATCH = YES;
				"CODE_SIGN_IDENTITY[sdk=iphoneos*]" = "iPhone Developer";
				COPY_PHASE_STRIP = NO;
				DEBUG_INFORMATION_FORMAT = "dwarf-with-dsym";
				ENABLE_NS_ASSERTIONS = NO;
				ENABLE_STRICT_OBJC_MSGSEND = YES;
				GCC_C_LANGUAGE_STANDARD = gnu99;
				GCC_NO_COMMON_BLOCKS = YES;
				GCC_WARN_64_TO_32_BIT_CONVERSION = YES;
				GCC_WARN_ABOUT_RETURN_TYPE = YES_ERROR;
				GCC_WARN_UNDECLARED_SELECTOR = YES;
				GCC_WARN_UNINITIALIZED_AUTOS = YES_AGGRESSIVE;
				GCC_WARN_UNUSED_FUNCTION = YES;
				GCC_WARN_UNUSED_VARIABLE = YES;
				IPHONEOS_DEPLOYMENT_TARGET = 8.0;
				MTL_ENABLE_DEBUG_INFO = NO;
				SDKROOT = iphoneos;
				TARGETED_DEVICE_FAMILY = "1,2";
				VALIDATE_PRODUCT = YES;
			};
			name = Release;
		};
		42FDDD1C1D47EEDB0094D29D /* Debug */ = {
			isa = XCBuildConfiguration;
			baseConfigurationReference = 22BBB978F7B930003EA45066 /* Pods-walking-tours-manager.debug.xcconfig */;
			buildSettings = {
				ASSETCATALOG_COMPILER_APPICON_NAME = AppIcon;
				INFOPLIST_FILE = "walking-tours-manager/Info.plist";
				IPHONEOS_DEPLOYMENT_TARGET = 9.0;
				LD_RUNPATH_SEARCH_PATHS = "$(inherited) @executable_path/Frameworks";
				PRODUCT_BUNDLE_IDENTIFIER = "com.werureo.walking-tours-manager";
				PRODUCT_NAME = "$(TARGET_NAME)";
			};
			name = Debug;
		};
		42FDDD1D1D47EEDB0094D29D /* Release */ = {
			isa = XCBuildConfiguration;
			baseConfigurationReference = 530170A642761BF8627D31C4 /* Pods-walking-tours-manager.release.xcconfig */;
			buildSettings = {
				ASSETCATALOG_COMPILER_APPICON_NAME = AppIcon;
				INFOPLIST_FILE = "walking-tours-manager/Info.plist";
				IPHONEOS_DEPLOYMENT_TARGET = 9.0;
				LD_RUNPATH_SEARCH_PATHS = "$(inherited) @executable_path/Frameworks";
				PRODUCT_BUNDLE_IDENTIFIER = "com.werureo.walking-tours-manager";
				PRODUCT_NAME = "$(TARGET_NAME)";
			};
			name = Release;
		};
/* End XCBuildConfiguration section */

/* Begin XCConfigurationList section */
		42FDDCFF1D47EEDB0094D29D /* Build configuration list for PBXProject "walking-tours-manager" */ = {
			isa = XCConfigurationList;
			buildConfigurations = (
				42FDDD191D47EEDB0094D29D /* Debug */,
				42FDDD1A1D47EEDB0094D29D /* Release */,
			);
			defaultConfigurationIsVisible = 0;
			defaultConfigurationName = Release;
		};
		42FDDD1B1D47EEDB0094D29D /* Build configuration list for PBXNativeTarget "walking-tours-manager" */ = {
			isa = XCConfigurationList;
			buildConfigurations = (
				42FDDD1C1D47EEDB0094D29D /* Debug */,
				42FDDD1D1D47EEDB0094D29D /* Release */,
			);
			defaultConfigurationIsVisible = 0;
			defaultConfigurationName = Release;
		};
/* End XCConfigurationList section */
	};
	rootObject = 42FDDCFC1D47EEDB0094D29D /* Project object */;
}
